
Microsoft Visual Studio Solution File, Format Version 12.00
# Visual Studio 15
VisualStudioVersion = 15.0.27703.2047
MinimumVisualStudioVersion = 10.0.40219.1
Project("{FAE04EC0-301F-11D3-BF4B-00C04F79EFBC}") = "Problema2", "Problema2\Problema2.csproj", "{E6AD4675-3B06-4201-BD0B-5D52843D114D}"
EndProject
Project("{FAE04EC0-301F-11D3-BF4B-00C04F79EFBC}") = "Problema3", "Problema3\Problema3.csproj", "{2F653194-9C8C-4805-8E60-D4B60DE2E157}"
EndProject
Project("{FAE04EC0-301F-11D3-BF4B-00C04F79EFBC}") = "Web", "Web\Web.csproj", "{4115EDF8-D7B0-4ABC-83CB-ECAB7E8A4014}"
EndProject
Global
	GlobalSection(SolutionConfigurationPlatforms) = preSolution
		Debug|Any CPU = Debug|Any CPU
		Release|Any CPU = Release|Any CPU
	EndGlobalSection
	GlobalSection(ProjectConfigurationPlatforms) = postSolution
		{E6AD4675-3B06-4201-BD0B-5D52843D114D}.Debug|Any CPU.ActiveCfg = Debug|Any CPU
		{E6AD4675-3B06-4201-BD0B-5D52843D114D}.Debug|Any CPU.Build.0 = Debug|Any CPU
		{E6AD4675-3B06-4201-BD0B-5D52843D114D}.Release|Any CPU.ActiveCfg = Release|Any CPU
		{E6AD4675-3B06-4201-BD0B-5D52843D114D}.Release|Any CPU.Build.0 = Release|Any CPU
		{2F653194-9C8C-4805-8E60-D4B60DE2E157}.Debug|Any CPU.ActiveCfg = Debug|Any CPU
		{2F653194-9C8C-4805-8E60-D4B60DE2E157}.Debug|Any CPU.Build.0 = Debug|Any CPU
		{2F653194-9C8C-4805-8E60-D4B60DE2E157}.Release|Any CPU.ActiveCfg = Release|Any CPU
		{2F653194-9C8C-4805-8E60-D4B60DE2E157}.Release|Any CPU.Build.0 = Release|Any CPU
		{4115EDF8-D7B0-4ABC-83CB-ECAB7E8A4014}.Debug|Any CPU.ActiveCfg = Debug|Any CPU
		{4115EDF8-D7B0-4ABC-83CB-ECAB7E8A4014}.Debug|Any CPU.Build.0 = Debug|Any CPU
		{4115EDF8-D7B0-4ABC-83CB-ECAB7E8A4014}.Release|Any CPU.ActiveCfg = Release|Any CPU
		{4115EDF8-D7B0-4ABC-83CB-ECAB7E8A4014}.Release|Any CPU.Build.0 = Release|Any CPU
	EndGlobalSection
	GlobalSection(SolutionProperties) = preSolution
		HideSolutionNode = FALSE
	EndGlobalSection
	GlobalSection(ExtensibilityGlobals) = postSolution
		SolutionGuid = {E0729A19-2C11-462B-AEEB-FB8B60F4FFB9}
	EndGlobalSection
EndGlobal
